
Microsoft Visual Studio Solution File, Format Version 12.00
# Visual Studio Version 17
VisualStudioVersion = 17.4.33403.182
MinimumVisualStudioVersion = 10.0.40219.1
Project("{FAE04EC0-301F-11D3-BF4B-00C04F79EFBC}") = "ConsoleApp2Checker", "ConsoleApp2Checker.csproj", "{5F96F171-97DB-487B-8F3B-A0DD8953E496}"
EndProject
Global
	GlobalSection(SolutionConfigurationPlatforms) = preSolution
		Debug|Any CPU = Debug|Any CPU
		Release|Any CPU = Release|Any CPU
	EndGlobalSection
	GlobalSection(ProjectConfigurationPlatforms) = postSolution
		{5F96F171-97DB-487B-8F3B-A0DD8953E496}.Debug|Any CPU.ActiveCfg = Debug|Any CPU
		{5F96F171-97DB-487B-8F3B-A0DD8953E496}.Debug|Any CPU.Build.0 = Debug|Any CPU
		{5F96F171-97DB-487B-8F3B-A0DD8953E496}.Release|Any CPU.ActiveCfg = Release|Any CPU
		{5F96F171-97DB-487B-8F3B-A0DD8953E496}.Release|Any CPU.Build.0 = Release|Any CPU
	EndGlobalSection
	GlobalSection(SolutionProperties) = preSolution
		HideSolutionNode = FALSE
	EndGlobalSection
	GlobalSection(ExtensibilityGlobals) = postSolution
		SolutionGuid = {25707A4F-CEA3-4BFD-BF23-790991BF3B46}
	EndGlobalSection
EndGlobal
